
Microsoft Visual Studio Solution File, Format Version 12.00
# Visual Studio Version 16
VisualStudioVersion = 16.0.31515.178
MinimumVisualStudioVersion = 10.0.40219.1
Project("{FAE04EC0-301F-11D3-BF4B-00C04F79EFBC}") = "EmployeeRecord", "EmployeeRecord.csproj", "{EFC9EE64-FEB2-4149-819B-9DCBB14B2949}"
EndProject
Global
	GlobalSection(SolutionConfigurationPlatforms) = preSolution
		Debug|Any CPU = Debug|Any CPU
		Release|Any CPU = Release|Any CPU
	EndGlobalSection
	GlobalSection(ProjectConfigurationPlatforms) = postSolution
		{EFC9EE64-FEB2-4149-819B-9DCBB14B2949}.Debug|Any CPU.ActiveCfg = Debug|Any CPU
		{EFC9EE64-FEB2-4149-819B-9DCBB14B2949}.Debug|Any CPU.Build.0 = Debug|Any CPU
		{EFC9EE64-FEB2-4149-819B-9DCBB14B2949}.Release|Any CPU.ActiveCfg = Release|Any CPU
		{EFC9EE64-FEB2-4149-819B-9DCBB14B2949}.Release|Any CPU.Build.0 = Release|Any CPU
	EndGlobalSection
	GlobalSection(SolutionProperties) = preSolution
		HideSolutionNode = FALSE
	EndGlobalSection
	GlobalSection(ExtensibilityGlobals) = postSolution
		SolutionGuid = {ABB0E73B-554C-4DCB-A6E6-87EB62745C15}
	EndGlobalSection
EndGlobal
